
Microsoft Visual Studio Solution File, Format Version 12.00
# Visual Studio Version 17
VisualStudioVersion = 17.7.34009.444
MinimumVisualStudioVersion = 10.0.40219.1
Project("{2150E333-8FDC-42A3-9474-1A3956D46DE8}") = "Simulator_Demo.Producer", "Simulator_Demo.Producer", "{76886529-B131-471F-B201-D097F46CB70B}"
EndProject
Project("{FAE04EC0-301F-11D3-BF4B-00C04F79EFBC}") = "Producer.Business", "Producer.Business\Producer.Business.csproj", "{9EC0EAA9-9ECA-45F1-A501-3EF7F3FC2E5A}"
EndProject
Project("{FAE04EC0-301F-11D3-BF4B-00C04F79EFBC}") = "Producer.Core", "Producer.Core\Producer.Core.csproj", "{6BAAE12F-2999-4066-8D88-6E2A0F4BF17A}"
EndProject
Project("{FAE04EC0-301F-11D3-BF4B-00C04F79EFBC}") = "Producer.Entities", "Producer.Entities\Producer.Entities.csproj", "{81A51124-CE48-4883-B2C1-3B5A08B94699}"
EndProject
Project("{2150E333-8FDC-42A3-9474-1A3956D46DE8}") = "Simulator_Demo.Consumer", "Simulator_Demo.Consumer", "{96DEBCE2-A64D-4675-AFF8-EF869CDC2706}"
EndProject
Project("{FAE04EC0-301F-11D3-BF4B-00C04F79EFBC}") = "Consumer.WepAPI", "Consumer.WepAPI\Consumer.WepAPI.csproj", "{9A5B3383-5404-43B0-879C-E9F58E40DB21}"
EndProject
Project("{2150E333-8FDC-42A3-9474-1A3956D46DE8}") = "Simulation_Demo.Shared", "Simulation_Demo.Shared", "{F492307D-7764-4AE9-BD2C-697D7CF84A46}"
EndProject
Project("{FAE04EC0-301F-11D3-BF4B-00C04F79EFBC}") = "Shared", "Shared\Shared.csproj", "{94F54751-B165-42D2-BFFA-EFFF1E210DD2}"
EndProject
Global
	GlobalSection(SolutionConfigurationPlatforms) = preSolution
		Debug|Any CPU = Debug|Any CPU
		Release|Any CPU = Release|Any CPU
	EndGlobalSection
	GlobalSection(ProjectConfigurationPlatforms) = postSolution
		{9EC0EAA9-9ECA-45F1-A501-3EF7F3FC2E5A}.Debug|Any CPU.ActiveCfg = Debug|Any CPU
		{9EC0EAA9-9ECA-45F1-A501-3EF7F3FC2E5A}.Debug|Any CPU.Build.0 = Debug|Any CPU
		{9EC0EAA9-9ECA-45F1-A501-3EF7F3FC2E5A}.Release|Any CPU.ActiveCfg = Release|Any CPU
		{9EC0EAA9-9ECA-45F1-A501-3EF7F3FC2E5A}.Release|Any CPU.Build.0 = Release|Any CPU
		{6BAAE12F-2999-4066-8D88-6E2A0F4BF17A}.Debug|Any CPU.ActiveCfg = Debug|Any CPU
		{6BAAE12F-2999-4066-8D88-6E2A0F4BF17A}.Debug|Any CPU.Build.0 = Debug|Any CPU
		{6BAAE12F-2999-4066-8D88-6E2A0F4BF17A}.Release|Any CPU.ActiveCfg = Release|Any CPU
		{6BAAE12F-2999-4066-8D88-6E2A0F4BF17A}.Release|Any CPU.Build.0 = Release|Any CPU
		{81A51124-CE48-4883-B2C1-3B5A08B94699}.Debug|Any CPU.ActiveCfg = Debug|Any CPU
		{81A51124-CE48-4883-B2C1-3B5A08B94699}.Debug|Any CPU.Build.0 = Debug|Any CPU
		{81A51124-CE48-4883-B2C1-3B5A08B94699}.Release|Any CPU.ActiveCfg = Release|Any CPU
		{81A51124-CE48-4883-B2C1-3B5A08B94699}.Release|Any CPU.Build.0 = Release|Any CPU
		{9A5B3383-5404-43B0-879C-E9F58E40DB21}.Debug|Any CPU.ActiveCfg = Debug|Any CPU
		{9A5B3383-5404-43B0-879C-E9F58E40DB21}.Debug|Any CPU.Build.0 = Debug|Any CPU
		{9A5B3383-5404-43B0-879C-E9F58E40DB21}.Release|Any CPU.ActiveCfg = Release|Any CPU
		{9A5B3383-5404-43B0-879C-E9F58E40DB21}.Release|Any CPU.Build.0 = Release|Any CPU
		{94F54751-B165-42D2-BFFA-EFFF1E210DD2}.Debug|Any CPU.ActiveCfg = Debug|Any CPU
		{94F54751-B165-42D2-BFFA-EFFF1E210DD2}.Debug|Any CPU.Build.0 = Debug|Any CPU
		{94F54751-B165-42D2-BFFA-EFFF1E210DD2}.Release|Any CPU.ActiveCfg = Release|Any CPU
		{94F54751-B165-42D2-BFFA-EFFF1E210DD2}.Release|Any CPU.Build.0 = Release|Any CPU
	EndGlobalSection
	GlobalSection(SolutionProperties) = preSolution
		HideSolutionNode = FALSE
	EndGlobalSection
	GlobalSection(NestedProjects) = preSolution
		{9EC0EAA9-9ECA-45F1-A501-3EF7F3FC2E5A} = {76886529-B131-471F-B201-D097F46CB70B}
		{6BAAE12F-2999-4066-8D88-6E2A0F4BF17A} = {76886529-B131-471F-B201-D097F46CB70B}
		{81A51124-CE48-4883-B2C1-3B5A08B94699} = {76886529-B131-471F-B201-D097F46CB70B}
		{9A5B3383-5404-43B0-879C-E9F58E40DB21} = {96DEBCE2-A64D-4675-AFF8-EF869CDC2706}
		{94F54751-B165-42D2-BFFA-EFFF1E210DD2} = {F492307D-7764-4AE9-BD2C-697D7CF84A46}
	EndGlobalSection
	GlobalSection(ExtensibilityGlobals) = postSolution
		SolutionGuid = {DEDE6A1C-723C-4980-BE2D-A24E8AECDDB7}
	EndGlobalSection
EndGlobal
